name: update-flake-lock
on:
  workflow_dispatch:
  schedule:
    - cron: '0 17 1 * *'

jobs:
  lockfile:
    permissions:
      pull-requests: write
      contents: write
    runs-on: ubuntu-latest
    steps:
      - uses: actions/checkout@ff7abcd0c3c05ccf6adc123a8cd1fd4fb30fb493 # v4.1.1
        with:
          ssh-key: ${{ secrets.UPDATE_FLAKE_LOCK_SSH_KEY }}
      - uses: DeterminateSystems/nix-installer-action@90bb610b90bf290cad97484ba341453bd1cbefea # v19
      - name: Update flake.lock
        uses: DeterminateSystems/update-flake-lock@c5930b397a673a70ca70be06020e943aeac310a1 # v27
