name: update-flake-lock
on:
  workflow_dispatch:
  schedule:
    - cron: '0 17 1 * *'

jobs:
  lockfile:
    permissions:
      pull-requests: write
      contents: write
    runs-on: ubuntu-latest
    steps:
      - uses: actions/checkout@b4ffde65f46336ab88eb53be808477a3936bae11 # v4.1.1
        with:
          ssh-key: ${{ secrets.UPDATE_FLAKE_LOCK_SSH_KEY }}
      - uses: DeterminateSystems/nix-installer-action@da36cb69b1c3247ad7a1f931ebfd954a1105ef14 # v14
      - name: Update flake.lock
        uses: DeterminateSystems/update-flake-lock@db4ee38117a597ea8df8f7f75a187dd65093eade # v23
